
Microsoft Visual Studio Solution File, Format Version 12.00
# Visual Studio Version 17
VisualStudioVersion = 17.2.32630.192
MinimumVisualStudioVersion = 10.0.40219.1
Project("{9A19103F-16F7-4668-BE54-9A1E7A4F7556}") = "client", "client\client.csproj", "{4DEDCF19-82CF-4CF8-B730-1EE0671F3F5F}"
EndProject
Project("{FAE04EC0-301F-11D3-BF4B-00C04F79EFBC}") = "MESSAGE", "..\MESSAGE\MESSAGE.csproj", "{43FBC2A4-3E51-4252-A038-2FFC011531E2}"
EndProject
Global
	GlobalSection(SolutionConfigurationPlatforms) = preSolution
		Debug|Any CPU = Debug|Any CPU
		Release|Any CPU = Release|Any CPU
	EndGlobalSection
	GlobalSection(ProjectConfigurationPlatforms) = postSolution
		{4DEDCF19-82CF-4CF8-B730-1EE0671F3F5F}.Debug|Any CPU.ActiveCfg = Debug|Any CPU
		{4DEDCF19-82CF-4CF8-B730-1EE0671F3F5F}.Debug|Any CPU.Build.0 = Debug|Any CPU
		{4DEDCF19-82CF-4CF8-B730-1EE0671F3F5F}.Release|Any CPU.ActiveCfg = Release|Any CPU
		{4DEDCF19-82CF-4CF8-B730-1EE0671F3F5F}.Release|Any CPU.Build.0 = Release|Any CPU
		{43FBC2A4-3E51-4252-A038-2FFC011531E2}.Debug|Any CPU.ActiveCfg = Debug|Any CPU
		{43FBC2A4-3E51-4252-A038-2FFC011531E2}.Debug|Any CPU.Build.0 = Debug|Any CPU
		{43FBC2A4-3E51-4252-A038-2FFC011531E2}.Release|Any CPU.ActiveCfg = Release|Any CPU
		{43FBC2A4-3E51-4252-A038-2FFC011531E2}.Release|Any CPU.Build.0 = Release|Any CPU
	EndGlobalSection
	GlobalSection(SolutionProperties) = preSolution
		HideSolutionNode = FALSE
	EndGlobalSection
	GlobalSection(ExtensibilityGlobals) = postSolution
		SolutionGuid = {0839E376-BE15-49A5-BDCE-6F2A140B4D2B}
	EndGlobalSection
EndGlobal
