
Microsoft Visual Studio Solution File, Format Version 12.00
# Visual Studio Version 17
VisualStudioVersion = 17.2.32630.192
MinimumVisualStudioVersion = 10.0.40219.1
Project("{9A19103F-16F7-4668-BE54-9A1E7A4F7556}") = "server", "server\server.csproj", "{CCE506B4-1DBB-4995-9CE5-FAE32DCB50E0}"
EndProject
Project("{9A19103F-16F7-4668-BE54-9A1E7A4F7556}") = "MESSAGE", "..\MESSAGE\MESSAGE.csproj", "{A8A77D1D-F0AA-4CFD-80FE-20341B79A826}"
EndProject
Global
	GlobalSection(SolutionConfigurationPlatforms) = preSolution
		Debug|Any CPU = Debug|Any CPU
		Release|Any CPU = Release|Any CPU
	EndGlobalSection
	GlobalSection(ProjectConfigurationPlatforms) = postSolution
		{CCE506B4-1DBB-4995-9CE5-FAE32DCB50E0}.Debug|Any CPU.ActiveCfg = Debug|Any CPU
		{CCE506B4-1DBB-4995-9CE5-FAE32DCB50E0}.Debug|Any CPU.Build.0 = Debug|Any CPU
		{CCE506B4-1DBB-4995-9CE5-FAE32DCB50E0}.Release|Any CPU.ActiveCfg = Release|Any CPU
		{CCE506B4-1DBB-4995-9CE5-FAE32DCB50E0}.Release|Any CPU.Build.0 = Release|Any CPU
		{A8A77D1D-F0AA-4CFD-80FE-20341B79A826}.Debug|Any CPU.ActiveCfg = Debug|Any CPU
		{A8A77D1D-F0AA-4CFD-80FE-20341B79A826}.Debug|Any CPU.Build.0 = Debug|Any CPU
		{A8A77D1D-F0AA-4CFD-80FE-20341B79A826}.Release|Any CPU.ActiveCfg = Release|Any CPU
		{A8A77D1D-F0AA-4CFD-80FE-20341B79A826}.Release|Any CPU.Build.0 = Release|Any CPU
	EndGlobalSection
	GlobalSection(SolutionProperties) = preSolution
		HideSolutionNode = FALSE
	EndGlobalSection
	GlobalSection(ExtensibilityGlobals) = postSolution
		SolutionGuid = {6FD604C4-80E7-422D-84A2-DD6586C1F62C}
	EndGlobalSection
EndGlobal
